
Microsoft Visual Studio Solution File, Format Version 12.00
# Visual Studio 2013
VisualStudioVersion = 12.0.21005.1
MinimumVisualStudioVersion = 10.0.40219.1
Project("{FAE04EC0-301F-11D3-BF4B-00C04F79EFBC}") = "project10", "project10\project10.csproj", "{AB82C091-29A6-4E3B-BAAD-177947801DBF}"
EndProject
Global
	GlobalSection(SolutionConfigurationPlatforms) = preSolution
		Debug|Any CPU = Debug|Any CPU
		Release|Any CPU = Release|Any CPU
	EndGlobalSection
	GlobalSection(ProjectConfigurationPlatforms) = postSolution
		{AB82C091-29A6-4E3B-BAAD-177947801DBF}.Debug|Any CPU.ActiveCfg = Debug|Any CPU
		{AB82C091-29A6-4E3B-BAAD-177947801DBF}.Debug|Any CPU.Build.0 = Debug|Any CPU
		{AB82C091-29A6-4E3B-BAAD-177947801DBF}.Release|Any CPU.ActiveCfg = Release|Any CPU
		{AB82C091-29A6-4E3B-BAAD-177947801DBF}.Release|Any CPU.Build.0 = Release|Any CPU
	EndGlobalSection
	GlobalSection(SolutionProperties) = preSolution
		HideSolutionNode = FALSE
	EndGlobalSection
EndGlobal
